<Solution>
  <Folder Name="/Solution Items/">
    <File Path=".editorconfig" />
    <File Path=".github/workflows/publish.yml" />
    <File Path="CHANGELOG.md" />
    <File Path="package-publish-guide.md" />
    <File Path="README.md" />
  </Folder>
  <Project Path="Demo/Demo.csproj" />
  <Project Path="EasyConsoleAsync/EasyConsoleAsync.csproj" />
</Solution>
